
Microsoft Visual Studio Solution File, Format Version 12.00
# Visual Studio 15
VisualStudioVersion = 15.0.26730.16
MinimumVisualStudioVersion = 10.0.40219.1
Project("{FAE04EC0-301F-11D3-BF4B-00C04F79EFBC}") = "DigDesNote.Model", "DigDesNote.Model\DigDesNote.Model.csproj", "{0B2D24B1-B006-4847-97F9-65FD519A13A3}"
EndProject
Project("{FAE04EC0-301F-11D3-BF4B-00C04F79EFBC}") = "DigDesNote.DataLayer", "DigDesNote.DataLayer\DigDesNote.DataLayer.csproj", "{C2D941DA-F96E-410A-8478-5C285EF41CEA}"
	ProjectSection(ProjectDependencies) = postProject
		{0B2D24B1-B006-4847-97F9-65FD519A13A3} = {0B2D24B1-B006-4847-97F9-65FD519A13A3}
	EndProjectSection
EndProject
Project("{FAE04EC0-301F-11D3-BF4B-00C04F79EFBC}") = "DigDesNote.DataLayer.Sql", "DigDesNote.DataLayer.Sql\DigDesNote.DataLayer.Sql.csproj", "{830CE687-1BF7-4BA8-9859-E45C8A7C4036}"
EndProject
Project("{FAE04EC0-301F-11D3-BF4B-00C04F79EFBC}") = "DigDesNote.DataLayer.Sql.Test", "DigDesNote.DataLayer.Sql.Test\DigDesNote.DataLayer.Sql.Test.csproj", "{8776E764-A396-444E-8666-65D71699C2B7}"
EndProject
Project("{FAE04EC0-301F-11D3-BF4B-00C04F79EFBC}") = "DigDesNote.API", "DigDesNote.API\DigDesNote.API.csproj", "{FBF25BB6-06F1-4A3B-B9FF-E7C986AC56B6}"
EndProject
Project("{FAE04EC0-301F-11D3-BF4B-00C04F79EFBC}") = "DigDesNote.Logger", "DigDesNote\DigDesNote.Logger.csproj", "{7D76CDA7-5D53-4CF1-AF36-4AE7697730AE}"
EndProject
Global
	GlobalSection(SolutionConfigurationPlatforms) = preSolution
		Debug|Any CPU = Debug|Any CPU
		Release|Any CPU = Release|Any CPU
	EndGlobalSection
	GlobalSection(ProjectConfigurationPlatforms) = postSolution
		{0B2D24B1-B006-4847-97F9-65FD519A13A3}.Debug|Any CPU.ActiveCfg = Debug|Any CPU
		{0B2D24B1-B006-4847-97F9-65FD519A13A3}.Debug|Any CPU.Build.0 = Debug|Any CPU
		{0B2D24B1-B006-4847-97F9-65FD519A13A3}.Release|Any CPU.ActiveCfg = Release|Any CPU
		{0B2D24B1-B006-4847-97F9-65FD519A13A3}.Release|Any CPU.Build.0 = Release|Any CPU
		{C2D941DA-F96E-410A-8478-5C285EF41CEA}.Debug|Any CPU.ActiveCfg = Debug|Any CPU
		{C2D941DA-F96E-410A-8478-5C285EF41CEA}.Debug|Any CPU.Build.0 = Debug|Any CPU
		{C2D941DA-F96E-410A-8478-5C285EF41CEA}.Release|Any CPU.ActiveCfg = Release|Any CPU
		{C2D941DA-F96E-410A-8478-5C285EF41CEA}.Release|Any CPU.Build.0 = Release|Any CPU
		{830CE687-1BF7-4BA8-9859-E45C8A7C4036}.Debug|Any CPU.ActiveCfg = Debug|Any CPU
		{830CE687-1BF7-4BA8-9859-E45C8A7C4036}.Debug|Any CPU.Build.0 = Debug|Any CPU
		{830CE687-1BF7-4BA8-9859-E45C8A7C4036}.Release|Any CPU.ActiveCfg = Release|Any CPU
		{830CE687-1BF7-4BA8-9859-E45C8A7C4036}.Release|Any CPU.Build.0 = Release|Any CPU
		{8776E764-A396-444E-8666-65D71699C2B7}.Debug|Any CPU.ActiveCfg = Debug|Any CPU
		{8776E764-A396-444E-8666-65D71699C2B7}.Debug|Any CPU.Build.0 = Debug|Any CPU
		{8776E764-A396-444E-8666-65D71699C2B7}.Release|Any CPU.ActiveCfg = Release|Any CPU
		{8776E764-A396-444E-8666-65D71699C2B7}.Release|Any CPU.Build.0 = Release|Any CPU
		{FBF25BB6-06F1-4A3B-B9FF-E7C986AC56B6}.Debug|Any CPU.ActiveCfg = Debug|Any CPU
		{FBF25BB6-06F1-4A3B-B9FF-E7C986AC56B6}.Debug|Any CPU.Build.0 = Debug|Any CPU
		{FBF25BB6-06F1-4A3B-B9FF-E7C986AC56B6}.Release|Any CPU.ActiveCfg = Release|Any CPU
		{FBF25BB6-06F1-4A3B-B9FF-E7C986AC56B6}.Release|Any CPU.Build.0 = Release|Any CPU
		{7D76CDA7-5D53-4CF1-AF36-4AE7697730AE}.Debug|Any CPU.ActiveCfg = Debug|Any CPU
		{7D76CDA7-5D53-4CF1-AF36-4AE7697730AE}.Debug|Any CPU.Build.0 = Debug|Any CPU
		{7D76CDA7-5D53-4CF1-AF36-4AE7697730AE}.Release|Any CPU.ActiveCfg = Release|Any CPU
		{7D76CDA7-5D53-4CF1-AF36-4AE7697730AE}.Release|Any CPU.Build.0 = Release|Any CPU
	EndGlobalSection
	GlobalSection(SolutionProperties) = preSolution
		HideSolutionNode = FALSE
	EndGlobalSection
	GlobalSection(ExtensibilityGlobals) = postSolution
		SolutionGuid = {DD28785D-0487-4895-AB1E-93284B7E270E}
	EndGlobalSection
EndGlobal
